{
  "nodes": {
    "flake-utils": {
      "locked": {
        "lastModified": 1648297722,
        "narHash": "sha256-W+qlPsiZd8F3XkzXOzAoR+mpFqzm3ekQkJNa+PIh1BQ=",
        "owner": "numtide",
        "repo": "flake-utils",
        "rev": "0f8662f1319ad6abf89b3380dd2722369fc51ade",
        "type": "github"
      },
      "original": {
        "owner": "numtide",
        "repo": "flake-utils",
        "type": "github"
      }
    },
    "neovim": {
      "inputs": {
        "flake-utils": [
          "flake-utils"
        ],
        "nixpkgs": [
          "nixpkgs"
        ]
      },
      "locked": {
        "dir": "contrib",
        "lastModified": 1649346108,
        "narHash": "sha256-3+uAhn6siazFcwYlsKsxcukAapw/qIquhVH9uhBiUu4=",
        "owner": "neovim",
        "repo": "neovim",
        "rev": "0d2674a3c5a6472c425355a29183dcf221a6409b",
        "type": "github"
      },
      "original": {
        "dir": "contrib",
        "owner": "neovim",
        "repo": "neovim",
        "type": "github"
      }
    },
    "nixpkgs": {
      "locked": {
        "lastModified": 1648219316,
        "narHash": "sha256-Ctij+dOi0ZZIfX5eMhgwugfvB+WZSrvVNAyAuANOsnQ=",
        "owner": "NixOS",
        "repo": "nixpkgs",
        "rev": "30d3d79b7d3607d56546dd2a6b49e156ba0ec634",
        "type": "github"
      },
      "original": {
        "id": "nixpkgs",
        "type": "indirect"
      }
    },
    "root": {
      "inputs": {
        "flake-utils": "flake-utils",
        "neovim": "neovim",
        "nixpkgs": "nixpkgs",
        "zsh-autosuggestions": "zsh-autosuggestions",
        "zsh-completions": "zsh-completions",
        "zsh-fast-syntax-highlighting": "zsh-fast-syntax-highlighting",
        "zsh-vi-mode": "zsh-vi-mode"
      }
    },
    "zsh-autosuggestions": {
      "flake": false,
      "locked": {
        "lastModified": 1622844304,
        "narHash": "sha256-KLUYpUu4DHRumQZ3w59m9aTW6TBKMCXl2UcKi4uMd7w=",
        "owner": "zsh-users",
        "repo": "zsh-autosuggestions",
        "rev": "a411ef3e0992d4839f0732ebeb9823024afaaaa8",
        "type": "github"
      },
      "original": {
        "owner": "zsh-users",
        "repo": "zsh-autosuggestions",
        "type": "github"
      }
    },
    "zsh-completions": {
      "flake": false,
      "locked": {
        "lastModified": 1648798821,
        "narHash": "sha256-uKs80GgOgm/LQgQ9PdSvl5LKBqTAleK6bKXsZnjvB2E=",
        "owner": "zsh-users",
        "repo": "zsh-completions",
        "rev": "6db5ddc6559ad8f66ca22a29365b34ad8d573884",
        "type": "github"
      },
      "original": {
        "owner": "zsh-users",
        "repo": "zsh-completions",
        "type": "github"
      }
    },
    "zsh-fast-syntax-highlighting": {
      "flake": false,
      "locked": {
        "lastModified": 1646018363,
        "narHash": "sha256-WaXJT9wVUN/1hj81SCXyGLRt0ZgoarEsjy/gh3IpGhU=",
        "owner": "zdharma-continuum",
        "repo": "fast-syntax-highlighting",
        "rev": "ef8ba84c3a76c768f49a0bdd2a620b2f53c2478a",
        "type": "github"
      },
      "original": {
        "owner": "zdharma-continuum",
        "repo": "fast-syntax-highlighting",
        "type": "github"
      }
    },
    "zsh-vi-mode": {
      "flake": false,
      "locked": {
        "lastModified": 1646405480,
        "narHash": "sha256-AugJanEMhUcEUjUm5tZTs9vsM0T83WDDOer4+jx/3+Y=",
        "owner": "jeffreytse",
        "repo": "zsh-vi-mode",
        "rev": "9e909d0bdd0aff36ca60ea213ec92f46a554b288",
        "type": "github"
      },
      "original": {
        "owner": "jeffreytse",
        "repo": "zsh-vi-mode",
        "type": "github"
      }
    }
  },
  "root": "root",
  "version": 7
}
